
Microsoft Visual Studio Solution File, Format Version 10.00
# Visual Studio 2008
Project("{FAE04EC0-301F-11D3-BF4B-00C04F79EFBC}") = "WolfGenerator.Core", "WolfGenerator.Core\WolfGenerator.Core.csproj", "{154ACD0B-4A5E-48E7-B14C-40E252202844}"
EndProject
Project("{FAE04EC0-301F-11D3-BF4B-00C04F79EFBC}") = "Example.WolfGenerator", "Example.WolfGenerator\Example.WolfGenerator.csproj", "{BEA7A427-C8D8-4DF5-B034-2588F0C2B66D}"
EndProject
Project("{FAE04EC0-301F-11D3-BF4B-00C04F79EFBC}") = "UnitTest.WolfGenerator", "UnitTest.WolfGenerator\UnitTest.WolfGenerator.csproj", "{3B5A8BC8-762D-4060-A269-1FB8734AA48F}"
EndProject
Project("{2150E333-8FDC-42A3-9474-1A3956D46DE8}") = "Solution Items", "Solution Items", "{B296064E-F16B-472D-9874-AA44D79C46B5}"
	ProjectSection(SolutionItems) = preProject
		LocalTestRun.testrunconfig = LocalTestRun.testrunconfig
		Unit.WolfGenerator.vsmdi = Unit.WolfGenerator.vsmdi
	EndProjectSection
EndProject
Global
	GlobalSection(TestCaseManagementSettings) = postSolution
		CategoryFile = Unit.WolfGenerator.vsmdi
	EndGlobalSection
	GlobalSection(SolutionConfigurationPlatforms) = preSolution
		Debug|Any CPU = Debug|Any CPU
		Release|Any CPU = Release|Any CPU
	EndGlobalSection
	GlobalSection(ProjectConfigurationPlatforms) = postSolution
		{154ACD0B-4A5E-48E7-B14C-40E252202844}.Debug|Any CPU.ActiveCfg = Debug|Any CPU
		{154ACD0B-4A5E-48E7-B14C-40E252202844}.Debug|Any CPU.Build.0 = Debug|Any CPU
		{154ACD0B-4A5E-48E7-B14C-40E252202844}.Release|Any CPU.ActiveCfg = Release|Any CPU
		{154ACD0B-4A5E-48E7-B14C-40E252202844}.Release|Any CPU.Build.0 = Release|Any CPU
		{BEA7A427-C8D8-4DF5-B034-2588F0C2B66D}.Debug|Any CPU.ActiveCfg = Debug|Any CPU
		{BEA7A427-C8D8-4DF5-B034-2588F0C2B66D}.Debug|Any CPU.Build.0 = Debug|Any CPU
		{BEA7A427-C8D8-4DF5-B034-2588F0C2B66D}.Release|Any CPU.ActiveCfg = Release|Any CPU
		{BEA7A427-C8D8-4DF5-B034-2588F0C2B66D}.Release|Any CPU.Build.0 = Release|Any CPU
		{3B5A8BC8-762D-4060-A269-1FB8734AA48F}.Debug|Any CPU.ActiveCfg = Debug|Any CPU
		{3B5A8BC8-762D-4060-A269-1FB8734AA48F}.Debug|Any CPU.Build.0 = Debug|Any CPU
		{3B5A8BC8-762D-4060-A269-1FB8734AA48F}.Release|Any CPU.ActiveCfg = Release|Any CPU
		{3B5A8BC8-762D-4060-A269-1FB8734AA48F}.Release|Any CPU.Build.0 = Release|Any CPU
	EndGlobalSection
	GlobalSection(SolutionProperties) = preSolution
		HideSolutionNode = FALSE
	EndGlobalSection
	GlobalSection(ExtensibilityGlobals) = postSolution
		VisualSVNWorkingCopyRoot = 
	EndGlobalSection
EndGlobal
